
Microsoft Visual Studio Solution File, Format Version 12.00
# Visual Studio Version 17
VisualStudioVersion = 17.8.34330.188
MinimumVisualStudioVersion = 10.0.40219.1
Project("{FAE04EC0-301F-11D3-BF4B-00C04F79EFBC}") = "AuthPOC", "AuthPOC\AuthPOC.csproj", "{4D82F34E-FAD5-4DA5-A3E5-1367C130A63B}"
EndProject
Global
	GlobalSection(SolutionConfigurationPlatforms) = preSolution
		Debug|Any CPU = Debug|Any CPU
		Release|Any CPU = Release|Any CPU
	EndGlobalSection
	GlobalSection(ProjectConfigurationPlatforms) = postSolution
		{4D82F34E-FAD5-4DA5-A3E5-1367C130A63B}.Debug|Any CPU.ActiveCfg = Debug|Any CPU
		{4D82F34E-FAD5-4DA5-A3E5-1367C130A63B}.Debug|Any CPU.Build.0 = Debug|Any CPU
		{4D82F34E-FAD5-4DA5-A3E5-1367C130A63B}.Release|Any CPU.ActiveCfg = Release|Any CPU
		{4D82F34E-FAD5-4DA5-A3E5-1367C130A63B}.Release|Any CPU.Build.0 = Release|Any CPU
	EndGlobalSection
	GlobalSection(SolutionProperties) = preSolution
		HideSolutionNode = FALSE
	EndGlobalSection
	GlobalSection(ExtensibilityGlobals) = postSolution
		SolutionGuid = {E9AA534A-4E28-4435-A8CE-EE0FB43EEF3F}
	EndGlobalSection
EndGlobal
